
Microsoft Visual Studio Solution File, Format Version 12.00
Project("{FAE04EC0-301F-11D3-BF4B-00C04F79EFBC}") = "Labskaa", "Labskaa\Labskaa.csproj", "{612999F4-B2ED-4641-94E6-66A8DA28934B}"
EndProject
Global
	GlobalSection(SolutionConfigurationPlatforms) = preSolution
		Debug|Any CPU = Debug|Any CPU
		Release|Any CPU = Release|Any CPU
	EndGlobalSection
	GlobalSection(ProjectConfigurationPlatforms) = postSolution
		{612999F4-B2ED-4641-94E6-66A8DA28934B}.Debug|Any CPU.ActiveCfg = Debug|Any CPU
		{612999F4-B2ED-4641-94E6-66A8DA28934B}.Debug|Any CPU.Build.0 = Debug|Any CPU
		{612999F4-B2ED-4641-94E6-66A8DA28934B}.Release|Any CPU.ActiveCfg = Release|Any CPU
		{612999F4-B2ED-4641-94E6-66A8DA28934B}.Release|Any CPU.Build.0 = Release|Any CPU
	EndGlobalSection
EndGlobal
